// !$*UTF8*$!
{
	archiveVersion = 1;
	classes = {
	};
	objectVersion = 48;
	objects = {

/* Begin PBXBuildFile section */
		F22C9C011EF68BCF00AAAEE8 /* AppDelegate.m in Sources */ = {isa = PBXBuildFile; fileRef = F22C9C001EF68BCF00AAAEE8 /* AppDelegate.m */; };
		F22C9C041EF68BCF00AAAEE8 /* ViewController.m in Sources */ = {isa = PBXBuildFile; fileRef = F22C9C031EF68BCF00AAAEE8 /* ViewController.m */; };
		F22C9C071EF68BCF00AAAEE8 /* Main.storyboard in Resources */ = {isa = PBXBuildFile; fileRef = F22C9C051EF68BCF00AAAEE8 /* Main.storyboard */; };
		F22C9C091EF68BCF00AAAEE8 /* Assets.xcassets in Resources */ = {isa = PBXBuildFile; fileRef = F22C9C081EF68BCF00AAAEE8 /* Assets.xcassets */; };
		F22C9C0C1EF68BCF00AAAEE8 /* LaunchScreen.storyboard in Resources */ = {isa = PBXBuildFile; fileRef = F22C9C0A1EF68BCF00AAAEE8 /* LaunchScreen.storyboard */; };
		F22C9C0F1EF68BCF00AAAEE8 /* main.m in Sources */ = {isa = PBXBuildFile; fileRef = F22C9C0E1EF68BCF00AAAEE8 /* main.m */; };
		F22C9C1A1EF68D9500AAAEE8 /* UIView+DR_CustomBlockAnimations.m in Sources */ = {isa = PBXBuildFile; fileRef = F22C9C191EF68D9500AAAEE8 /* UIView+DR_CustomBlockAnimations.m */; };
		F22C9C1D1EF68E2500AAAEE8 /* DRSavedPopAnimationState.m in Sources */ = {isa = PBXBuildFile; fileRef = F22C9C1C1EF68E2500AAAEE8 /* DRSavedPopAnimationState.m */; };
/* End PBXBuildFile section */

/* Begin PBXFileReference section */
		F22C9BFC1EF68BCF00AAAEE8 /* View-Layer Synergy objc.io #12.app */ = {isa = PBXFileReference; explicitFileType = wrapper.application; includeInIndex = 0; path = "View-Layer Synergy objc.io #12.app"; sourceTree = BUILT_PRODUCTS_DIR; };
		F22C9BFF1EF68BCF00AAAEE8 /* AppDelegate.h */ = {isa = PBXFileReference; lastKnownFileType = sourcecode.c.h; path = AppDelegate.h; sourceTree = "<group>"; };
		F22C9C001EF68BCF00AAAEE8 /* AppDelegate.m */ = {isa = PBXFileReference; lastKnownFileType = sourcecode.c.objc; path = AppDelegate.m; sourceTree = "<group>"; };
		F22C9C021EF68BCF00AAAEE8 /* ViewController.h */ = {isa = PBXFileReference; lastKnownFileType = sourcecode.c.h; path = ViewController.h; sourceTree = "<group>"; };
		F22C9C031EF68BCF00AAAEE8 /* ViewController.m */ = {isa = PBXFileReference; lastKnownFileType = sourcecode.c.objc; path = ViewController.m; sourceTree = "<group>"; };
		F22C9C061EF68BCF00AAAEE8 /* Base */ = {isa = PBXFileReference; lastKnownFileType = file.storyboard; name = Base; path = Base.lproj/Main.storyboard; sourceTree = "<group>"; };
		F22C9C081EF68BCF00AAAEE8 /* Assets.xcassets */ = {isa = PBXFileReference; lastKnownFileType = folder.assetcatalog; path = Assets.xcassets; sourceTree = "<group>"; };
		F22C9C0B1EF68BCF00AAAEE8 /* Base */ = {isa = PBXFileReference; lastKnownFileType = file.storyboard; name = Base; path = Base.lproj/LaunchScreen.storyboard; sourceTree = "<group>"; };
		F22C9C0D1EF68BCF00AAAEE8 /* Info.plist */ = {isa = PBXFileReference; lastKnownFileType = text.plist.xml; path = Info.plist; sourceTree = "<group>"; };
		F22C9C0E1EF68BCF00AAAEE8 /* main.m */ = {isa = PBXFileReference; lastKnownFileType = sourcecode.c.objc; path = main.m; sourceTree = "<group>"; };
		F22C9C181EF68D9500AAAEE8 /* UIView+DR_CustomBlockAnimations.h */ = {isa = PBXFileReference; lastKnownFileType = sourcecode.c.h; path = "UIView+DR_CustomBlockAnimations.h"; sourceTree = "<group>"; };
		F22C9C191EF68D9500AAAEE8 /* UIView+DR_CustomBlockAnimations.m */ = {isa = PBXFileReference; lastKnownFileType = sourcecode.c.objc; path = "UIView+DR_CustomBlockAnimations.m"; sourceTree = "<group>"; };
		F22C9C1B1EF68E2500AAAEE8 /* DRSavedPopAnimationState.h */ = {isa = PBXFileReference; lastKnownFileType = sourcecode.c.h; path = DRSavedPopAnimationState.h; sourceTree = "<group>"; };
		F22C9C1C1EF68E2500AAAEE8 /* DRSavedPopAnimationState.m */ = {isa = PBXFileReference; lastKnownFileType = sourcecode.c.objc; path = DRSavedPopAnimationState.m; sourceTree = "<group>"; };
/* End PBXFileReference section */

/* Begin PBXFrameworksBuildPhase section */
		F22C9BF91EF68BCF00AAAEE8 /* Frameworks */ = {
			isa = PBXFrameworksBuildPhase;
			buildActionMask = 2147483647;
			files = (
			);
			runOnlyForDeploymentPostprocessing = 0;
		};
/* End PBXFrameworksBuildPhase section */

/* Begin PBXGroup section */
		F22C9BF31EF68BCE00AAAEE8 = {
			isa = PBXGroup;
			children = (
				F22C9BFE1EF68BCF00AAAEE8 /* View-Layer Synergy objc.io #12 */,
				F22C9BFD1EF68BCF00AAAEE8 /* Products */,
			);
			sourceTree = "<group>";
		};
		F22C9BFD1EF68BCF00AAAEE8 /* Products */ = {
			isa = PBXGroup;
			children = (
				F22C9BFC1EF68BCF00AAAEE8 /* View-Layer Synergy objc.io #12.app */,
			);
			name = Products;
			sourceTree = "<group>";
		};
		F22C9BFE1EF68BCF00AAAEE8 /* View-Layer Synergy objc.io #12 */ = {
			isa = PBXGroup;
			children = (
				F22C9BFF1EF68BCF00AAAEE8 /* AppDelegate.h */,
				F22C9C001EF68BCF00AAAEE8 /* AppDelegate.m */,
				F22C9C021EF68BCF00AAAEE8 /* ViewController.h */,
				F22C9C031EF68BCF00AAAEE8 /* ViewController.m */,
				F22C9C181EF68D9500AAAEE8 /* UIView+DR_CustomBlockAnimations.h */,
				F22C9C191EF68D9500AAAEE8 /* UIView+DR_CustomBlockAnimations.m */,
				F22C9C1B1EF68E2500AAAEE8 /* DRSavedPopAnimationState.h */,
				F22C9C1C1EF68E2500AAAEE8 /* DRSavedPopAnimationState.m */,
				F22C9C051EF68BCF00AAAEE8 /* Main.storyboard */,
				F22C9C081EF68BCF00AAAEE8 /* Assets.xcassets */,
				F22C9C0A1EF68BCF00AAAEE8 /* LaunchScreen.storyboard */,
				F22C9C0D1EF68BCF00AAAEE8 /* Info.plist */,
				F22C9C0E1EF68BCF00AAAEE8 /* main.m */,
			);
			path = "View-Layer Synergy objc.io #12";
			sourceTree = "<group>";
		};
/* End PBXGroup section */

/* Begin PBXNativeTarget section */
		F22C9BFB1EF68BCF00AAAEE8 /* View-Layer Synergy objc.io #12 */ = {
			isa = PBXNativeTarget;
			buildConfigurationList = F22C9C121EF68BCF00AAAEE8 /* Build configuration list for PBXNativeTarget "View-Layer Synergy objc.io #12" */;
			buildPhases = (
				F22C9BF81EF68BCF00AAAEE8 /* Sources */,
				F22C9BF91EF68BCF00AAAEE8 /* Frameworks */,
				F22C9BFA1EF68BCF00AAAEE8 /* Resources */,
			);
			buildRules = (
			);
			dependencies = (
			);
			name = "View-Layer Synergy objc.io #12";
			productName = "View-Layer Synergy objc.io #12";
			productReference = F22C9BFC1EF68BCF00AAAEE8 /* View-Layer Synergy objc.io #12.app */;
			productType = "com.apple.product-type.application";
		};
/* End PBXNativeTarget section */

/* Begin PBXProject section */
		F22C9BF41EF68BCE00AAAEE8 /* Project object */ = {
			isa = PBXProject;
			attributes = {
				LastUpgradeCheck = 0900;
				ORGANIZATIONNAME = "David Rönnqvist";
				TargetAttributes = {
					F22C9BFB1EF68BCF00AAAEE8 = {
						CreatedOnToolsVersion = 9.0;
					};
				};
			};
			buildConfigurationList = F22C9BF71EF68BCF00AAAEE8 /* Build configuration list for PBXProject "View-Layer Synergy objc.io #12" */;
			compatibilityVersion = "Xcode 8.0";
			developmentRegion = en;
			hasScannedForEncodings = 0;
			knownRegions = (
				en,
				Base,
			);
			mainGroup = F22C9BF31EF68BCE00AAAEE8;
			productRefGroup = F22C9BFD1EF68BCF00AAAEE8 /* Products */;
			projectDirPath = "";
			projectRoot = "";
			targets = (
				F22C9BFB1EF68BCF00AAAEE8 /* View-Layer Synergy objc.io #12 */,
			);
		};
/* End PBXProject section */

/* Begin PBXResourcesBuildPhase section */
		F22C9BFA1EF68BCF00AAAEE8 /* Resources */ = {
			isa = PBXResourcesBuildPhase;
			buildActionMask = 2147483647;
			files = (
				F22C9C0C1EF68BCF00AAAEE8 /* LaunchScreen.storyboard in Resources */,
				F22C9C091EF68BCF00AAAEE8 /* Assets.xcassets in Resources */,
				F22C9C071EF68BCF00AAAEE8 /* Main.storyboard in Resources */,
			);
			runOnlyForDeploymentPostprocessing = 0;
		};
/* End PBXResourcesBuildPhase section */

/* Begin PBXSourcesBuildPhase section */
		F22C9BF81EF68BCF00AAAEE8 /* Sources */ = {
			isa = PBXSourcesBuildPhase;
			buildActionMask = 2147483647;
			files = (
				F22C9C1D1EF68E2500AAAEE8 /* DRSavedPopAnimationState.m in Sources */,
				F22C9C1A1EF68D9500AAAEE8 /* UIView+DR_CustomBlockAnimations.m in Sources */,
				F22C9C041EF68BCF00AAAEE8 /* ViewController.m in Sources */,
				F22C9C0F1EF68BCF00AAAEE8 /* main.m in Sources */,
				F22C9C011EF68BCF00AAAEE8 /* AppDelegate.m in Sources */,
			);
			runOnlyForDeploymentPostprocessing = 0;
		};
/* End PBXSourcesBuildPhase section */

/* Begin PBXVariantGroup section */
		F22C9C051EF68BCF00AAAEE8 /* Main.storyboard */ = {
			isa = PBXVariantGroup;
			children = (
				F22C9C061EF68BCF00AAAEE8 /* Base */,
			);
			name = Main.storyboard;
			sourceTree = "<group>";
		};
		F22C9C0A1EF68BCF00AAAEE8 /* LaunchScreen.storyboard */ = {
			isa = PBXVariantGroup;
			children = (
				F22C9C0B1EF68BCF00AAAEE8 /* Base */,
			);
			name = LaunchScreen.storyboard;
			sourceTree = "<group>";
		};
/* End PBXVariantGroup section */

/* Begin XCBuildConfiguration section */
		F22C9C101EF68BCF00AAAEE8 /* Debug */ = {
			isa = XCBuildConfiguration;
			buildSettings = {
				ALWAYS_SEARCH_USER_PATHS = NO;
				CLANG_ANALYZER_NONNULL = YES;
				CLANG_ANALYZER_NUMBER_OBJECT_CONVERSION = YES_AGGRESSIVE;
				CLANG_CXX_LANGUAGE_STANDARD = "gnu++14";
				CLANG_CXX_LIBRARY = "libc++";
				CLANG_ENABLE_MODULES = YES;
				CLANG_ENABLE_OBJC_ARC = YES;
				CLANG_WARN_BLOCK_CAPTURE_AUTORELEASING = YES;
				CLANG_WARN_BOOL_CONVERSION = YES;
				CLANG_WARN_COMMA = YES;
				CLANG_WARN_CONSTANT_CONVERSION = YES;
				CLANG_WARN_DIRECT_OBJC_ISA_USAGE = YES_ERROR;
				CLANG_WARN_DOCUMENTATION_COMMENTS = YES;
				CLANG_WARN_EMPTY_BODY = YES;
				CLANG_WARN_ENUM_CONVERSION = YES;
				CLANG_WARN_INFINITE_RECURSION = YES;
				CLANG_WARN_INT_CONVERSION = YES;
				CLANG_WARN_OBJC_ROOT_CLASS = YES_ERROR;
				CLANG_WARN_RANGE_LOOP_ANALYSIS = YES;
				CLANG_WARN_STRICT_PROTOTYPES = YES;
				CLANG_WARN_SUSPICIOUS_MOVE = YES;
				CLANG_WARN_UNGUARDED_AVAILABILITY = YES_AGGRESSIVE;
				CLANG_WARN_UNREACHABLE_CODE = YES;
				CLANG_WARN__DUPLICATE_METHOD_MATCH = YES;
				CODE_SIGN_IDENTITY = "iPhone Developer";
				COPY_PHASE_STRIP = NO;
				DEBUG_INFORMATION_FORMAT = dwarf;
				ENABLE_STRICT_OBJC_MSGSEND = YES;
				ENABLE_TESTABILITY = YES;
				GCC_C_LANGUAGE_STANDARD = gnu11;
				GCC_DYNAMIC_NO_PIC = NO;
				GCC_NO_COMMON_BLOCKS = YES;
				GCC_OPTIMIZATION_LEVEL = 0;
				GCC_PREPROCESSOR_DEFINITIONS = (
					"DEBUG=1",
					"$(inherited)",
				);
				GCC_WARN_64_TO_32_BIT_CONVERSION = YES;
				GCC_WARN_ABOUT_RETURN_TYPE = YES_ERROR;
				GCC_WARN_UNDECLARED_SELECTOR = YES;
				GCC_WARN_UNINITIALIZED_AUTOS = YES_AGGRESSIVE;
				GCC_WARN_UNUSED_FUNCTION = YES;
				GCC_WARN_UNUSED_VARIABLE = YES;
				IPHONEOS_DEPLOYMENT_TARGET = 8.0;
				MTL_ENABLE_DEBUG_INFO = YES;
				ONLY_ACTIVE_ARCH = YES;
				SDKROOT = iphoneos;
			};
			name = Debug;
		};
		F22C9C111EF68BCF00AAAEE8 /* Release */ = {
			isa = XCBuildConfiguration;
			buildSettings = {
				ALWAYS_SEARCH_USER_PATHS = NO;
				CLANG_ANALYZER_NONNULL = YES;
				CLANG_ANALYZER_NUMBER_OBJECT_CONVERSION = YES_AGGRESSIVE;
				CLANG_CXX_LANGUAGE_STANDARD = "gnu++14";
				CLANG_CXX_LIBRARY = "libc++";
				CLANG_ENABLE_MODULES = YES;
				CLANG_ENABLE_OBJC_ARC = YES;
				CLANG_WARN_BLOCK_CAPTURE_AUTORELEASING = YES;
				CLANG_WARN_BOOL_CONVERSION = YES;
				CLANG_WARN_COMMA = YES;
				CLANG_WARN_CONSTANT_CONVERSION = YES;
				CLANG_WARN_DIRECT_OBJC_ISA_USAGE = YES_ERROR;
				CLANG_WARN_DOCUMENTATION_COMMENTS = YES;
				CLANG_WARN_EMPTY_BODY = YES;
				CLANG_WARN_ENUM_CONVERSION = YES;
				CLANG_WARN_INFINITE_RECURSION = YES;
				CLANG_WARN_INT_CONVERSION = YES;
				CLANG_WARN_OBJC_ROOT_CLASS = YES_ERROR;
				CLANG_WARN_RANGE_LOOP_ANALYSIS = YES;
				CLANG_WARN_STRICT_PROTOTYPES = YES;
				CLANG_WARN_SUSPICIOUS_MOVE = YES;
				CLANG_WARN_UNGUARDED_AVAILABILITY = YES_AGGRESSIVE;
				CLANG_WARN_UNREACHABLE_CODE = YES;
				CLANG_WARN__DUPLICATE_METHOD_MATCH = YES;
				CODE_SIGN_IDENTITY = "iPhone Developer";
				COPY_PHASE_STRIP = NO;
				DEBUG_INFORMATION_FORMAT = "dwarf-with-dsym";
				ENABLE_NS_ASSERTIONS = NO;
				ENABLE_STRICT_OBJC_MSGSEND = YES;
				GCC_C_LANGUAGE_STANDARD = gnu11;
				GCC_NO_COMMON_BLOCKS = YES;
				GCC_WARN_64_TO_32_BIT_CONVERSION = YES;
				GCC_WARN_ABOUT_RETURN_TYPE = YES_ERROR;
				GCC_WARN_UNDECLARED_SELECTOR = YES;
				GCC_WARN_UNINITIALIZED_AUTOS = YES_AGGRESSIVE;
				GCC_WARN_UNUSED_FUNCTION = YES;
				GCC_WARN_UNUSED_VARIABLE = YES;
				IPHONEOS_DEPLOYMENT_TARGET = 8.0;
				MTL_ENABLE_DEBUG_INFO = NO;
				SDKROOT = iphoneos;
				VALIDATE_PRODUCT = YES;
			};
			name = Release;
		};
		F22C9C131EF68BCF00AAAEE8 /* Debug */ = {
			isa = XCBuildConfiguration;
			buildSettings = {
				ASSETCATALOG_COMPILER_APPICON_NAME = AppIcon;
				INFOPLIST_FILE = "View-Layer Synergy objc.io #12/Info.plist";
				LD_RUNPATH_SEARCH_PATHS = "$(inherited) @executable_path/Frameworks";
				PRODUCT_BUNDLE_IDENTIFIER = "ronnqvi.st.View-Layer-Synergy-objc-io--12";
				PRODUCT_NAME = "$(TARGET_NAME)";
				TARGETED_DEVICE_FAMILY = "1,2";
			};
			name = Debug;
		};
		F22C9C141EF68BCF00AAAEE8 /* Release */ = {
			isa = XCBuildConfiguration;
			buildSettings = {
				ASSETCATALOG_COMPILER_APPICON_NAME = AppIcon;
				INFOPLIST_FILE = "View-Layer Synergy objc.io #12/Info.plist";
				LD_RUNPATH_SEARCH_PATHS = "$(inherited) @executable_path/Frameworks";
				PRODUCT_BUNDLE_IDENTIFIER = "ronnqvi.st.View-Layer-Synergy-objc-io--12";
				PRODUCT_NAME = "$(TARGET_NAME)";
				TARGETED_DEVICE_FAMILY = "1,2";
			};
			name = Release;
		};
/* End XCBuildConfiguration section */

/* Begin XCConfigurationList section */
		F22C9BF71EF68BCF00AAAEE8 /* Build configuration list for PBXProject "View-Layer Synergy objc.io #12" */ = {
			isa = XCConfigurationList;
			buildConfigurations = (
				F22C9C101EF68BCF00AAAEE8 /* Debug */,
				F22C9C111EF68BCF00AAAEE8 /* Release */,
			);
			defaultConfigurationIsVisible = 0;
			defaultConfigurationName = Release;
		};
		F22C9C121EF68BCF00AAAEE8 /* Build configuration list for PBXNativeTarget "View-Layer Synergy objc.io #12" */ = {
			isa = XCConfigurationList;
			buildConfigurations = (
				F22C9C131EF68BCF00AAAEE8 /* Debug */,
				F22C9C141EF68BCF00AAAEE8 /* Release */,
			);
			defaultConfigurationIsVisible = 0;
			defaultConfigurationName = Release;
		};
/* End XCConfigurationList section */
	};
	rootObject = F22C9BF41EF68BCE00AAAEE8 /* Project object */;
}
